
Microsoft Visual Studio Solution File, Format Version 12.00
# Visual Studio Version 17
VisualStudioVersion = 17.7.34031.279
MinimumVisualStudioVersion = 10.0.40219.1
Project("{FAE04EC0-301F-11D3-BF4B-00C04F79EFBC}") = "TheTriviaProject", "TheTriviaProject\TheTriviaProject.csproj", "{0DA0DDD9-3A45-440A-B627-4960E04EAEDC}"
EndProject
Global
	GlobalSection(SolutionConfigurationPlatforms) = preSolution
		Debug|Any CPU = Debug|Any CPU
		Release|Any CPU = Release|Any CPU
	EndGlobalSection
	GlobalSection(ProjectConfigurationPlatforms) = postSolution
		{0DA0DDD9-3A45-440A-B627-4960E04EAEDC}.Debug|Any CPU.ActiveCfg = Debug|Any CPU
		{0DA0DDD9-3A45-440A-B627-4960E04EAEDC}.Debug|Any CPU.Build.0 = Debug|Any CPU
		{0DA0DDD9-3A45-440A-B627-4960E04EAEDC}.Release|Any CPU.ActiveCfg = Release|Any CPU
		{0DA0DDD9-3A45-440A-B627-4960E04EAEDC}.Release|Any CPU.Build.0 = Release|Any CPU
	EndGlobalSection
	GlobalSection(SolutionProperties) = preSolution
		HideSolutionNode = FALSE
	EndGlobalSection
	GlobalSection(ExtensibilityGlobals) = postSolution
		SolutionGuid = {93FDCD36-223B-4B64-A268-7F10F0A1065D}
	EndGlobalSection
EndGlobal
